dependencies:
- name: common
  repository: https://charts.bitnami.com/bitnami
  version: 2.2.3
- name: zookeeper
  repository: https://charts.bitnami.com/bitnami
  version: 11.1.2
- name: minio
  repository: https://charts.bitnami.com/bitnami
  version: 12.1.5
digest: sha256:f769697d0009e2bd01f9de1a55a0265dcc7044acdb9ea44be6af1f8ff50a116a
generated: "2023-02-17T15:19:00.463452+01:00"
